
Microsoft Visual Studio Solution File, Format Version 12.00
# Visual Studio Version 17
VisualStudioVersion = 17.0.31903.59
MinimumVisualStudioVersion = 10.0.40219.1
Project("{2150E333-8FDC-42A3-9474-1A3956D46DE8}") = "src", "src", "{82A05B43-986C-4FCF-80FA-F72A06E93582}"
EndProject
Project("{FAE04EC0-301F-11D3-BF4B-00C04F79EFBC}") = "Chigen.App", "src\Chigen.App\Chigen.App.csproj", "{E207F17A-B1B3-4110-9D28-08E75BCD153B}"
EndProject
Project("{FAE04EC0-301F-11D3-BF4B-00C04F79EFBC}") = "Chigen.Core", "src\Chigen.Core\Chigen.Core.csproj", "{06CEC97D-9FBE-4A64-BEB8-F456811E8AFD}"
EndProject
Project("{FAE04EC0-301F-11D3-BF4B-00C04F79EFBC}") = "Chigen.DocumentExport", "src\Chigen.DocumentExport\Chigen.DocumentExport.csproj", "{3C690916-B532-4F34-8ED4-E28E6D8BE355}"
EndProject
Project("{FAE04EC0-301F-11D3-BF4B-00C04F79EFBC}") = "Chigen.Tests", "src\Chigen.Tests\Chigen.Tests.csproj", "{E9BE613C-EDA6-4ABF-934B-4752082040DF}"
EndProject
Global
	GlobalSection(SolutionConfigurationPlatforms) = preSolution
		Debug|Any CPU = Debug|Any CPU
		Release|Any CPU = Release|Any CPU
	EndGlobalSection
	GlobalSection(SolutionProperties) = preSolution
		HideSolutionNode = FALSE
	EndGlobalSection
	GlobalSection(ProjectConfigurationPlatforms) = postSolution
		{E207F17A-B1B3-4110-9D28-08E75BCD153B}.Debug|Any CPU.ActiveCfg = Debug|Any CPU
		{E207F17A-B1B3-4110-9D28-08E75BCD153B}.Debug|Any CPU.Build.0 = Debug|Any CPU
		{E207F17A-B1B3-4110-9D28-08E75BCD153B}.Release|Any CPU.ActiveCfg = Release|Any CPU
		{E207F17A-B1B3-4110-9D28-08E75BCD153B}.Release|Any CPU.Build.0 = Release|Any CPU
		{06CEC97D-9FBE-4A64-BEB8-F456811E8AFD}.Debug|Any CPU.ActiveCfg = Debug|Any CPU
		{06CEC97D-9FBE-4A64-BEB8-F456811E8AFD}.Debug|Any CPU.Build.0 = Debug|Any CPU
		{06CEC97D-9FBE-4A64-BEB8-F456811E8AFD}.Release|Any CPU.ActiveCfg = Release|Any CPU
		{06CEC97D-9FBE-4A64-BEB8-F456811E8AFD}.Release|Any CPU.Build.0 = Release|Any CPU
		{3C690916-B532-4F34-8ED4-E28E6D8BE355}.Debug|Any CPU.ActiveCfg = Debug|Any CPU
		{3C690916-B532-4F34-8ED4-E28E6D8BE355}.Debug|Any CPU.Build.0 = Debug|Any CPU
		{3C690916-B532-4F34-8ED4-E28E6D8BE355}.Release|Any CPU.ActiveCfg = Release|Any CPU
		{3C690916-B532-4F34-8ED4-E28E6D8BE355}.Release|Any CPU.Build.0 = Release|Any CPU
		{E9BE613C-EDA6-4ABF-934B-4752082040DF}.Debug|Any CPU.ActiveCfg = Debug|Any CPU
		{E9BE613C-EDA6-4ABF-934B-4752082040DF}.Debug|Any CPU.Build.0 = Debug|Any CPU
		{E9BE613C-EDA6-4ABF-934B-4752082040DF}.Release|Any CPU.ActiveCfg = Release|Any CPU
		{E9BE613C-EDA6-4ABF-934B-4752082040DF}.Release|Any CPU.Build.0 = Release|Any CPU
	EndGlobalSection
	GlobalSection(NestedProjects) = preSolution
		{E207F17A-B1B3-4110-9D28-08E75BCD153B} = {82A05B43-986C-4FCF-80FA-F72A06E93582}
		{06CEC97D-9FBE-4A64-BEB8-F456811E8AFD} = {82A05B43-986C-4FCF-80FA-F72A06E93582}
		{3C690916-B532-4F34-8ED4-E28E6D8BE355} = {82A05B43-986C-4FCF-80FA-F72A06E93582}
		{E9BE613C-EDA6-4ABF-934B-4752082040DF} = {82A05B43-986C-4FCF-80FA-F72A06E93582}
	EndGlobalSection
EndGlobal
